
Microsoft Visual Studio Solution File, Format Version 12.00
# Visual Studio Version 17
VisualStudioVersion = 17.12.35514.174 d17.12
MinimumVisualStudioVersion = 10.0.40219.1
Project("{FAE04EC0-301F-11D3-BF4B-00C04F79EFBC}") = "KSMArtMauiApp", "KSMArtMauiApp.csproj", "{ACEDC107-8B1A-43EE-A5D5-CD66238653DF}"
EndProject
Global
	GlobalSection(SolutionConfigurationPlatforms) = preSolution
		Debug|Any CPU = Debug|Any CPU
		Release|Any CPU = Release|Any CPU
	EndGlobalSection
	GlobalSection(ProjectConfigurationPlatforms) = postSolution
		{ACEDC107-8B1A-43EE-A5D5-CD66238653DF}.Debug|Any CPU.ActiveCfg = Debug|Any CPU
		{ACEDC107-8B1A-43EE-A5D5-CD66238653DF}.Debug|Any CPU.Build.0 = Debug|Any CPU
		{ACEDC107-8B1A-43EE-A5D5-CD66238653DF}.Release|Any CPU.ActiveCfg = Release|Any CPU
		{ACEDC107-8B1A-43EE-A5D5-CD66238653DF}.Release|Any CPU.Build.0 = Release|Any CPU
	EndGlobalSection
	GlobalSection(SolutionProperties) = preSolution
		HideSolutionNode = FALSE
	EndGlobalSection
EndGlobal
